
Microsoft Visual Studio Solution File, Format Version 12.00
# Visual Studio 15
VisualStudioVersion = 15.0.28307.902
MinimumVisualStudioVersion = 10.0.40219.1
Project("{8BC9CEB8-8B4A-11D0-8D11-00A0C91BC942}") = "opencv347_my", "opencv347_my\opencv347_my.vcxproj", "{C0F5EA42-39BF-4570-A3D7-E3EC5C9F3A3B}"
EndProject
Global
	GlobalSection(SolutionConfigurationPlatforms) = preSolution
		Debug|x64 = Debug|x64
		Debug|x86 = Debug|x86
		Release|x64 = Release|x64
		Release|x86 = Release|x86
	EndGlobalSection
	GlobalSection(ProjectConfigurationPlatforms) = postSolution
		{C0F5EA42-39BF-4570-A3D7-E3EC5C9F3A3B}.Debug|x64.ActiveCfg = Debug|x64
		{C0F5EA42-39BF-4570-A3D7-E3EC5C9F3A3B}.Debug|x64.Build.0 = Debug|x64
		{C0F5EA42-39BF-4570-A3D7-E3EC5C9F3A3B}.Debug|x86.ActiveCfg = Debug|Win32
		{C0F5EA42-39BF-4570-A3D7-E3EC5C9F3A3B}.Debug|x86.Build.0 = Debug|Win32
		{C0F5EA42-39BF-4570-A3D7-E3EC5C9F3A3B}.Release|x64.ActiveCfg = Release|x64
		{C0F5EA42-39BF-4570-A3D7-E3EC5C9F3A3B}.Release|x64.Build.0 = Release|x64
		{C0F5EA42-39BF-4570-A3D7-E3EC5C9F3A3B}.Release|x86.ActiveCfg = Release|Win32
		{C0F5EA42-39BF-4570-A3D7-E3EC5C9F3A3B}.Release|x86.Build.0 = Release|Win32
	EndGlobalSection
	GlobalSection(SolutionProperties) = preSolution
		HideSolutionNode = FALSE
	EndGlobalSection
	GlobalSection(ExtensibilityGlobals) = postSolution
		SolutionGuid = {5C079A30-EB80-433D-BBA6-EB81E87165FF}
	EndGlobalSection
EndGlobal
