
Microsoft Visual Studio Solution File, Format Version 12.00
# Visual Studio 15
VisualStudioVersion = 15.0.28307.705
MinimumVisualStudioVersion = 10.0.40219.1
Project("{FAE04EC0-301F-11D3-BF4B-00C04F79EFBC}") = "WindowsFormsApp1", "WindowsFormsApp1\WindowsFormsApp1.csproj", "{721106BB-E3FE-4F47-A2DF-89386683D7C2}"
EndProject
Global
	GlobalSection(SolutionConfigurationPlatforms) = preSolution
		Debug|Any CPU = Debug|Any CPU
		Release|Any CPU = Release|Any CPU
	EndGlobalSection
	GlobalSection(ProjectConfigurationPlatforms) = postSolution
		{721106BB-E3FE-4F47-A2DF-89386683D7C2}.Debug|Any CPU.ActiveCfg = Debug|Any CPU
		{721106BB-E3FE-4F47-A2DF-89386683D7C2}.Debug|Any CPU.Build.0 = Debug|Any CPU
		{721106BB-E3FE-4F47-A2DF-89386683D7C2}.Release|Any CPU.ActiveCfg = Release|Any CPU
		{721106BB-E3FE-4F47-A2DF-89386683D7C2}.Release|Any CPU.Build.0 = Release|Any CPU
	EndGlobalSection
	GlobalSection(SolutionProperties) = preSolution
		HideSolutionNode = FALSE
	EndGlobalSection
	GlobalSection(ExtensibilityGlobals) = postSolution
		SolutionGuid = {611A2127-EDC2-4697-9D6D-A61D9136DC48}
	EndGlobalSection
EndGlobal
